
Microsoft Visual Studio Solution File, Format Version 12.00
# Visual Studio Version 16
VisualStudioVersion = 16.0.29911.84
MinimumVisualStudioVersion = 10.0.40219.1
Project("{FAE04EC0-301F-11D3-BF4B-00C04F79EFBC}") = "LV6", "ConsoleApp1\LV6.csproj", "{A702A4C8-39FC-48F0-8A56-5DF96653B77B}"
EndProject
Global
	GlobalSection(SolutionConfigurationPlatforms) = preSolution
		Debug|Any CPU = Debug|Any CPU
		Release|Any CPU = Release|Any CPU
	EndGlobalSection
	GlobalSection(ProjectConfigurationPlatforms) = postSolution
		{A702A4C8-39FC-48F0-8A56-5DF96653B77B}.Debug|Any CPU.ActiveCfg = Debug|Any CPU
		{A702A4C8-39FC-48F0-8A56-5DF96653B77B}.Debug|Any CPU.Build.0 = Debug|Any CPU
		{A702A4C8-39FC-48F0-8A56-5DF96653B77B}.Release|Any CPU.ActiveCfg = Release|Any CPU
		{A702A4C8-39FC-48F0-8A56-5DF96653B77B}.Release|Any CPU.Build.0 = Release|Any CPU
	EndGlobalSection
	GlobalSection(SolutionProperties) = preSolution
		HideSolutionNode = FALSE
	EndGlobalSection
	GlobalSection(ExtensibilityGlobals) = postSolution
		SolutionGuid = {20B48384-C11C-48C2-838B-1C0330F8FDD6}
	EndGlobalSection
EndGlobal
